// !$*UTF8*$!
{
	archiveVersion = 1;
	classes = {
	};
	objectVersion = 46;
	objects = {

/* Begin PBXBuildFile section */
		531451111F78A69700512CED /* MsgSender.swift in Sources */ = {isa = PBXBuildFile; fileRef = 531451101F78A69700512CED /* MsgSender.swift */; };
		53246D301F4A7F190043AAFC /* AppDelegate.swift in Sources */ = {isa = PBXBuildFile; fileRef = 53246D2F1F4A7F190043AAFC /* AppDelegate.swift */; };
		53246D321F4A7F190043AAFC /* ViewController.swift in Sources */ = {isa = PBXBuildFile; fileRef = 53246D311F4A7F190043AAFC /* ViewController.swift */; };
		53246D351F4A7F190043AAFC /* Main.storyboard in Resources */ = {isa = PBXBuildFile; fileRef = 53246D331F4A7F190043AAFC /* Main.storyboard */; };
		53246D371F4A7F190043AAFC /* Assets.xcassets in Resources */ = {isa = PBXBuildFile; fileRef = 53246D361F4A7F190043AAFC /* Assets.xcassets */; };
		53246D3A1F4A7F190043AAFC /* LaunchScreen.storyboard in Resources */ = {isa = PBXBuildFile; fileRef = 53246D381F4A7F190043AAFC /* LaunchScreen.storyboard */; };
		53246D441F4AAB9E0043AAFC /* MessageViewCell.swift in Sources */ = {isa = PBXBuildFile; fileRef = 53246D431F4AAB9E0043AAFC /* MessageViewCell.swift */; };
		53246D491F4AB8120043AAFC /* Message.swift in Sources */ = {isa = PBXBuildFile; fileRef = 53246D481F4AB8120043AAFC /* Message.swift */; };
/* End PBXBuildFile section */

/* Begin PBXFileReference section */
		531451101F78A69700512CED /* MsgSender.swift */ = {isa = PBXFileReference; lastKnownFileType = sourcecode.swift; path = MsgSender.swift; sourceTree = "<group>"; };
		53246D2C1F4A7F190043AAFC /* TinyMessenger.app */ = {isa = PBXFileReference; explicitFileType = wrapper.application; includeInIndex = 0; path = TinyMessenger.app; sourceTree = BUILT_PRODUCTS_DIR; };
		53246D2F1F4A7F190043AAFC /* AppDelegate.swift */ = {isa = PBXFileReference; lastKnownFileType = sourcecode.swift; path = AppDelegate.swift; sourceTree = "<group>"; };
		53246D311F4A7F190043AAFC /* ViewController.swift */ = {isa = PBXFileReference; lastKnownFileType = sourcecode.swift; path = ViewController.swift; sourceTree = "<group>"; };
		53246D341F4A7F190043AAFC /* Base */ = {isa = PBXFileReference; lastKnownFileType = file.storyboard; name = Base; path = Base.lproj/Main.storyboard; sourceTree = "<group>"; };
		53246D361F4A7F190043AAFC /* Assets.xcassets */ = {isa = PBXFileReference; lastKnownFileType = folder.assetcatalog; path = Assets.xcassets; sourceTree = "<group>"; };
		53246D391F4A7F190043AAFC /* Base */ = {isa = PBXFileReference; lastKnownFileType = file.storyboard; name = Base; path = Base.lproj/LaunchScreen.storyboard; sourceTree = "<group>"; };
		53246D3B1F4A7F190043AAFC /* Info.plist */ = {isa = PBXFileReference; lastKnownFileType = text.plist.xml; path = Info.plist; sourceTree = "<group>"; };
		53246D431F4AAB9E0043AAFC /* MessageViewCell.swift */ = {isa = PBXFileReference; fileEncoding = 4; lastKnownFileType = sourcecode.swift; path = MessageViewCell.swift; sourceTree = "<group>"; };
		53246D481F4AB8120043AAFC /* Message.swift */ = {isa = PBXFileReference; fileEncoding = 4; lastKnownFileType = sourcecode.swift; path = Message.swift; sourceTree = "<group>"; };
/* End PBXFileReference section */

/* Begin PBXFrameworksBuildPhase section */
		53246D291F4A7F190043AAFC /* Frameworks */ = {
			isa = PBXFrameworksBuildPhase;
			buildActionMask = 2147483647;
			files = (
			);
			runOnlyForDeploymentPostprocessing = 0;
		};
/* End PBXFrameworksBuildPhase section */

/* Begin PBXGroup section */
		53246D231F4A7F190043AAFC = {
			isa = PBXGroup;
			children = (
				53246D2E1F4A7F190043AAFC /* TinyMessenger */,
				53246D2D1F4A7F190043AAFC /* Products */,
			);
			sourceTree = "<group>";
		};
		53246D2D1F4A7F190043AAFC /* Products */ = {
			isa = PBXGroup;
			children = (
				53246D2C1F4A7F190043AAFC /* TinyMessenger.app */,
			);
			name = Products;
			sourceTree = "<group>";
		};
		53246D2E1F4A7F190043AAFC /* TinyMessenger */ = {
			isa = PBXGroup;
			children = (
				53246D481F4AB8120043AAFC /* Message.swift */,
				53246D2F1F4A7F190043AAFC /* AppDelegate.swift */,
				53246D311F4A7F190043AAFC /* ViewController.swift */,
				53246D431F4AAB9E0043AAFC /* MessageViewCell.swift */,
				53246D331F4A7F190043AAFC /* Main.storyboard */,
				53246D361F4A7F190043AAFC /* Assets.xcassets */,
				53246D381F4A7F190043AAFC /* LaunchScreen.storyboard */,
				53246D3B1F4A7F190043AAFC /* Info.plist */,
				531451101F78A69700512CED /* MsgSender.swift */,
			);
			path = TinyMessenger;
			sourceTree = "<group>";
		};
/* End PBXGroup section */

/* Begin PBXNativeTarget section */
		53246D2B1F4A7F190043AAFC /* TinyMessenger */ = {
			isa = PBXNativeTarget;
			buildConfigurationList = 53246D3E1F4A7F190043AAFC /* Build configuration list for PBXNativeTarget "TinyMessenger" */;
			buildPhases = (
				53246D281F4A7F190043AAFC /* Sources */,
				53246D291F4A7F190043AAFC /* Frameworks */,
				53246D2A1F4A7F190043AAFC /* Resources */,
			);
			buildRules = (
			);
			dependencies = (
			);
			name = TinyMessenger;
			productName = TinyMessenger;
			productReference = 53246D2C1F4A7F190043AAFC /* TinyMessenger.app */;
			productType = "com.apple.product-type.application";
		};
/* End PBXNativeTarget section */

/* Begin PBXProject section */
		53246D241F4A7F190043AAFC /* Project object */ = {
			isa = PBXProject;
			attributes = {
				LastSwiftUpdateCheck = 0830;
				LastUpgradeCheck = 0830;
				ORGANIZATIONNAME = "Hiroaki Fukuda";
				TargetAttributes = {
					53246D2B1F4A7F190043AAFC = {
						CreatedOnToolsVersion = 8.3.3;
						DevelopmentTeam = YUUBJZGPJE;
						ProvisioningStyle = Automatic;
					};
				};
			};
			buildConfigurationList = 53246D271F4A7F190043AAFC /* Build configuration list for PBXProject "TinyMessenger" */;
			compatibilityVersion = "Xcode 3.2";
			developmentRegion = English;
			hasScannedForEncodings = 0;
			knownRegions = (
				en,
				Base,
			);
			mainGroup = 53246D231F4A7F190043AAFC;
			productRefGroup = 53246D2D1F4A7F190043AAFC /* Products */;
			projectDirPath = "";
			projectRoot = "";
			targets = (
				53246D2B1F4A7F190043AAFC /* TinyMessenger */,
			);
		};
/* End PBXProject section */

/* Begin PBXResourcesBuildPhase section */
		53246D2A1F4A7F190043AAFC /* Resources */ = {
			isa = PBXResourcesBuildPhase;
			buildActionMask = 2147483647;
			files = (
				53246D3A1F4A7F190043AAFC /* LaunchScreen.storyboard in Resources */,
				53246D371F4A7F190043AAFC /* Assets.xcassets in Resources */,
				53246D351F4A7F190043AAFC /* Main.storyboard in Resources */,
			);
			runOnlyForDeploymentPostprocessing = 0;
		};
/* End PBXResourcesBuildPhase section */

/* Begin PBXSourcesBuildPhase section */
		53246D281F4A7F190043AAFC /* Sources */ = {
			isa = PBXSourcesBuildPhase;
			buildActionMask = 2147483647;
			files = (
				531451111F78A69700512CED /* MsgSender.swift in Sources */,
				53246D441F4AAB9E0043AAFC /* MessageViewCell.swift in Sources */,
				53246D491F4AB8120043AAFC /* Message.swift in Sources */,
				53246D321F4A7F190043AAFC /* ViewController.swift in Sources */,
				53246D301F4A7F190043AAFC /* AppDelegate.swift in Sources */,
			);
			runOnlyForDeploymentPostprocessing = 0;
		};
/* End PBXSourcesBuildPhase section */

/* Begin PBXVariantGroup section */
		53246D331F4A7F190043AAFC /* Main.storyboard */ = {
			isa = PBXVariantGroup;
			children = (
				53246D341F4A7F190043AAFC /* Base */,
			);
			name = Main.storyboard;
			sourceTree = "<group>";
		};
		53246D381F4A7F190043AAFC /* LaunchScreen.storyboard */ = {
			isa = PBXVariantGroup;
			children = (
				53246D391F4A7F190043AAFC /* Base */,
			);
			name = LaunchScreen.storyboard;
			sourceTree = "<group>";
		};
/* End PBXVariantGroup section */

/* Begin XCBuildConfiguration section */
		53246D3C1F4A7F190043AAFC /* Debug */ = {
			isa = XCBuildConfiguration;
			buildSettings = {
				ALWAYS_SEARCH_USER_PATHS = NO;
				CLANG_ANALYZER_NONNULL = YES;
				CLANG_ANALYZER_NUMBER_OBJECT_CONVERSION = YES_AGGRESSIVE;
				CLANG_CXX_LANGUAGE_STANDARD = "gnu++0x";
				CLANG_CXX_LIBRARY = "libc++";
				CLANG_ENABLE_MODULES = YES;
				CLANG_ENABLE_OBJC_ARC = YES;
				CLANG_WARN_BOOL_CONVERSION = YES;
				CLANG_WARN_CONSTANT_CONVERSION = YES;
				CLANG_WARN_DIRECT_OBJC_ISA_USAGE = YES_ERROR;
				CLANG_WARN_DOCUMENTATION_COMMENTS = YES;
				CLANG_WARN_EMPTY_BODY = YES;
				CLANG_WARN_ENUM_CONVERSION = YES;
				CLANG_WARN_INFINITE_RECURSION = YES;
				CLANG_WARN_INT_CONVERSION = YES;
				CLANG_WARN_OBJC_ROOT_CLASS = YES_ERROR;
				CLANG_WARN_SUSPICIOUS_MOVE = YES;
				CLANG_WARN_UNREACHABLE_CODE = YES;
				CLANG_WARN__DUPLICATE_METHOD_MATCH = YES;
				"CODE_SIGN_IDENTITY[sdk=iphoneos*]" = "iPhone Developer";
				COPY_PHASE_STRIP = NO;
				DEBUG_INFORMATION_FORMAT = dwarf;
				ENABLE_STRICT_OBJC_MSGSEND = YES;
				ENABLE_TESTABILITY = YES;
				GCC_C_LANGUAGE_STANDARD = gnu99;
				GCC_DYNAMIC_NO_PIC = NO;
				GCC_NO_COMMON_BLOCKS = YES;
				GCC_OPTIMIZATION_LEVEL = 0;
				GCC_PREPROCESSOR_DEFINITIONS = (
					"DEBUG=1",
					"$(inherited)",
				);
				GCC_WARN_64_TO_32_BIT_CONVERSION = YES;
				GCC_WARN_ABOUT_RETURN_TYPE = YES_ERROR;
				GCC_WARN_UNDECLARED_SELECTOR = YES;
				GCC_WARN_UNINITIALIZED_AUTOS = YES_AGGRESSIVE;
				GCC_WARN_UNUSED_FUNCTION = YES;
				GCC_WARN_UNUSED_VARIABLE = YES;
				IPHONEOS_DEPLOYMENT_TARGET = 10.3;
				MTL_ENABLE_DEBUG_INFO = YES;
				ONLY_ACTIVE_ARCH = YES;
				SDKROOT = iphoneos;
				SWIFT_ACTIVE_COMPILATION_CONDITIONS = DEBUG;
				SWIFT_OPTIMIZATION_LEVEL = "-Onone";
				TARGETED_DEVICE_FAMILY = "1,2";
			};
			name = Debug;
		};
		53246D3D1F4A7F190043AAFC /* Release */ = {
			isa = XCBuildConfiguration;
			buildSettings = {
				ALWAYS_SEARCH_USER_PATHS = NO;
				CLANG_ANALYZER_NONNULL = YES;
				CLANG_ANALYZER_NUMBER_OBJECT_CONVERSION = YES_AGGRESSIVE;
				CLANG_CXX_LANGUAGE_STANDARD = "gnu++0x";
				CLANG_CXX_LIBRARY = "libc++";
				CLANG_ENABLE_MODULES = YES;
				CLANG_ENABLE_OBJC_ARC = YES;
				CLANG_WARN_BOOL_CONVERSION = YES;
				CLANG_WARN_CONSTANT_CONVERSION = YES;
				CLANG_WARN_DIRECT_OBJC_ISA_USAGE = YES_ERROR;
				CLANG_WARN_DOCUMENTATION_COMMENTS = YES;
				CLANG_WARN_EMPTY_BODY = YES;
				CLANG_WARN_ENUM_CONVERSION = YES;
				CLANG_WARN_INFINITE_RECURSION = YES;
				CLANG_WARN_INT_CONVERSION = YES;
				CLANG_WARN_OBJC_ROOT_CLASS = YES_ERROR;
				CLANG_WARN_SUSPICIOUS_MOVE = YES;
				CLANG_WARN_UNREACHABLE_CODE = YES;
				CLANG_WARN__DUPLICATE_METHOD_MATCH = YES;
				"CODE_SIGN_IDENTITY[sdk=iphoneos*]" = "iPhone Developer";
				COPY_PHASE_STRIP = NO;
				DEBUG_INFORMATION_FORMAT = "dwarf-with-dsym";
				ENABLE_NS_ASSERTIONS = NO;
				ENABLE_STRICT_OBJC_MSGSEND = YES;
				GCC_C_LANGUAGE_STANDARD = gnu99;
				GCC_NO_COMMON_BLOCKS = YES;
				GCC_WARN_64_TO_32_BIT_CONVERSION = YES;
				GCC_WARN_ABOUT_RETURN_TYPE = YES_ERROR;
				GCC_WARN_UNDECLARED_SELECTOR = YES;
				GCC_WARN_UNINITIALIZED_AUTOS = YES_AGGRESSIVE;
				GCC_WARN_UNUSED_FUNCTION = YES;
				GCC_WARN_UNUSED_VARIABLE = YES;
				IPHONEOS_DEPLOYMENT_TARGET = 10.3;
				MTL_ENABLE_DEBUG_INFO = NO;
				SDKROOT = iphoneos;
				SWIFT_OPTIMIZATION_LEVEL = "-Owholemodule";
				TARGETED_DEVICE_FAMILY = "1,2";
				VALIDATE_PRODUCT = YES;
			};
			name = Release;
		};
		53246D3F1F4A7F190043AAFC /* Debug */ = {
			isa = XCBuildConfiguration;
			buildSettings = {
				ASSETCATALOG_COMPILER_APPICON_NAME = AppIcon;
				DEVELOPMENT_TEAM = YUUBJZGPJE;
				INFOPLIST_FILE = TinyMessenger/Info.plist;
				LD_RUNPATH_SEARCH_PATHS = "$(inherited) @executable_path/Frameworks";
				PRODUCT_BUNDLE_IDENTIFIER = jp.java2.TinyMessenger;
				PRODUCT_NAME = "$(TARGET_NAME)";
				SWIFT_VERSION = 3.0;
			};
			name = Debug;
		};
		53246D401F4A7F190043AAFC /* Release */ = {
			isa = XCBuildConfiguration;
			buildSettings = {
				ASSETCATALOG_COMPILER_APPICON_NAME = AppIcon;
				DEVELOPMENT_TEAM = YUUBJZGPJE;
				INFOPLIST_FILE = TinyMessenger/Info.plist;
				LD_RUNPATH_SEARCH_PATHS = "$(inherited) @executable_path/Frameworks";
				PRODUCT_BUNDLE_IDENTIFIER = jp.java2.TinyMessenger;
				PRODUCT_NAME = "$(TARGET_NAME)";
				SWIFT_VERSION = 3.0;
			};
			name = Release;
		};
/* End XCBuildConfiguration section */

/* Begin XCConfigurationList section */
		53246D271F4A7F190043AAFC /* Build configuration list for PBXProject "TinyMessenger" */ = {
			isa = XCConfigurationList;
			buildConfigurations = (
				53246D3C1F4A7F190043AAFC /* Debug */,
				53246D3D1F4A7F190043AAFC /* Release */,
			);
			defaultConfigurationIsVisible = 0;
			defaultConfigurationName = Release;
		};
		53246D3E1F4A7F190043AAFC /* Build configuration list for PBXNativeTarget "TinyMessenger" */ = {
			isa = XCConfigurationList;
			buildConfigurations = (
				53246D3F1F4A7F190043AAFC /* Debug */,
				53246D401F4A7F190043AAFC /* Release */,
			);
			defaultConfigurationIsVisible = 0;
			defaultConfigurationName = Release;
		};
/* End XCConfigurationList section */
	};
	rootObject = 53246D241F4A7F190043AAFC /* Project object */;
}
